
Microsoft Visual Studio Solution File, Format Version 12.00
# Visual Studio Version 17
VisualStudioVersion = 17.14.36414.22 d17.14
MinimumVisualStudioVersion = 10.0.40219.1
Project("{FAE04EC0-301F-11D3-BF4B-00C04F79EFBC}") = "z3", "z3.csproj", "{821AAD66-CC86-4B40-8D2B-F87839DAD02D}"
EndProject
Global
	GlobalSection(SolutionConfigurationPlatforms) = preSolution
		Debug|Any CPU = Debug|Any CPU
		Release|Any CPU = Release|Any CPU
	EndGlobalSection
	GlobalSection(ProjectConfigurationPlatforms) = postSolution
		{821AAD66-CC86-4B40-8D2B-F87839DAD02D}.Debug|Any CPU.ActiveCfg = Debug|Any CPU
		{821AAD66-CC86-4B40-8D2B-F87839DAD02D}.Debug|Any CPU.Build.0 = Debug|Any CPU
		{821AAD66-CC86-4B40-8D2B-F87839DAD02D}.Release|Any CPU.ActiveCfg = Release|Any CPU
		{821AAD66-CC86-4B40-8D2B-F87839DAD02D}.Release|Any CPU.Build.0 = Release|Any CPU
	EndGlobalSection
	GlobalSection(SolutionProperties) = preSolution
		HideSolutionNode = FALSE
	EndGlobalSection
	GlobalSection(ExtensibilityGlobals) = postSolution
		SolutionGuid = {541CDDF2-96B0-45BE-8D59-25B051E52CA0}
	EndGlobalSection
EndGlobal
