
Microsoft Visual Studio Solution File, Format Version 12.00
# Visual Studio Version 17
VisualStudioVersion = 17.14.36414.22 d17.14
MinimumVisualStudioVersion = 10.0.40219.1
Project("{FAE04EC0-301F-11D3-BF4B-00C04F79EFBC}") = "z4", "z4.csproj", "{89FC33C4-B6EE-49F5-9D84-DBD6C4744537}"
EndProject
Global
	GlobalSection(SolutionConfigurationPlatforms) = preSolution
		Debug|Any CPU = Debug|Any CPU
		Release|Any CPU = Release|Any CPU
	EndGlobalSection
	GlobalSection(ProjectConfigurationPlatforms) = postSolution
		{89FC33C4-B6EE-49F5-9D84-DBD6C4744537}.Debug|Any CPU.ActiveCfg = Debug|Any CPU
		{89FC33C4-B6EE-49F5-9D84-DBD6C4744537}.Debug|Any CPU.Build.0 = Debug|Any CPU
		{89FC33C4-B6EE-49F5-9D84-DBD6C4744537}.Release|Any CPU.ActiveCfg = Release|Any CPU
		{89FC33C4-B6EE-49F5-9D84-DBD6C4744537}.Release|Any CPU.Build.0 = Release|Any CPU
	EndGlobalSection
	GlobalSection(SolutionProperties) = preSolution
		HideSolutionNode = FALSE
	EndGlobalSection
	GlobalSection(ExtensibilityGlobals) = postSolution
		SolutionGuid = {83121215-CE07-4FCF-9FFD-DA387A5AC520}
	EndGlobalSection
EndGlobal
