
Microsoft Visual Studio Solution File, Format Version 12.00
# Visual Studio Version 17
VisualStudioVersion = 17.14.36414.22 d17.14
MinimumVisualStudioVersion = 10.0.40219.1
Project("{FAE04EC0-301F-11D3-BF4B-00C04F79EFBC}") = "z5", "z5.csproj", "{E479B44A-8C4F-454C-811E-A574BFD8F2EC}"
EndProject
Global
	GlobalSection(SolutionConfigurationPlatforms) = preSolution
		Debug|Any CPU = Debug|Any CPU
		Release|Any CPU = Release|Any CPU
	EndGlobalSection
	GlobalSection(ProjectConfigurationPlatforms) = postSolution
		{E479B44A-8C4F-454C-811E-A574BFD8F2EC}.Debug|Any CPU.ActiveCfg = Debug|Any CPU
		{E479B44A-8C4F-454C-811E-A574BFD8F2EC}.Debug|Any CPU.Build.0 = Debug|Any CPU
		{E479B44A-8C4F-454C-811E-A574BFD8F2EC}.Release|Any CPU.ActiveCfg = Release|Any CPU
		{E479B44A-8C4F-454C-811E-A574BFD8F2EC}.Release|Any CPU.Build.0 = Release|Any CPU
	EndGlobalSection
	GlobalSection(SolutionProperties) = preSolution
		HideSolutionNode = FALSE
	EndGlobalSection
	GlobalSection(ExtensibilityGlobals) = postSolution
		SolutionGuid = {BF199D12-710B-4665-AA5A-EF0D676FE047}
	EndGlobalSection
EndGlobal
