
Microsoft Visual Studio Solution File, Format Version 12.00
# Visual Studio Version 17
VisualStudioVersion = 17.14.36414.22 d17.14
MinimumVisualStudioVersion = 10.0.40219.1
Project("{FAE04EC0-301F-11D3-BF4B-00C04F79EFBC}") = "z4", "z4.csproj", "{1DEDB9F4-0262-422D-B535-46019EACFA58}"
EndProject
Global
	GlobalSection(SolutionConfigurationPlatforms) = preSolution
		Debug|Any CPU = Debug|Any CPU
		Release|Any CPU = Release|Any CPU
	EndGlobalSection
	GlobalSection(ProjectConfigurationPlatforms) = postSolution
		{1DEDB9F4-0262-422D-B535-46019EACFA58}.Debug|Any CPU.ActiveCfg = Debug|Any CPU
		{1DEDB9F4-0262-422D-B535-46019EACFA58}.Debug|Any CPU.Build.0 = Debug|Any CPU
		{1DEDB9F4-0262-422D-B535-46019EACFA58}.Release|Any CPU.ActiveCfg = Release|Any CPU
		{1DEDB9F4-0262-422D-B535-46019EACFA58}.Release|Any CPU.Build.0 = Release|Any CPU
	EndGlobalSection
	GlobalSection(SolutionProperties) = preSolution
		HideSolutionNode = FALSE
	EndGlobalSection
	GlobalSection(ExtensibilityGlobals) = postSolution
		SolutionGuid = {A488BC41-2752-4444-9285-F5AB1D88C6B7}
	EndGlobalSection
EndGlobal
